
Microsoft Visual Studio Solution File, Format Version 12.00
# Visual Studio 15
VisualStudioVersion = 15.0.28307.1231
MinimumVisualStudioVersion = 10.0.40219.1
Project("{8BC9CEB8-8B4A-11D0-8D11-00A0C91BC942}") = "ImageConverter", "ImageConverter\ImageConverter.vcxproj", "{52FE02B5-952E-4383-B641-81120466E526}"
EndProject
Global
	GlobalSection(SolutionConfigurationPlatforms) = preSolution
		Debug|x64 = Debug|x64
		Debug|x86 = Debug|x86
		Release|x64 = Release|x64
		Release|x86 = Release|x86
	EndGlobalSection
	GlobalSection(ProjectConfigurationPlatforms) = postSolution
		{52FE02B5-952E-4383-B641-81120466E526}.Debug|x64.ActiveCfg = Debug|x64
		{52FE02B5-952E-4383-B641-81120466E526}.Debug|x64.Build.0 = Debug|x64
		{52FE02B5-952E-4383-B641-81120466E526}.Debug|x86.ActiveCfg = Debug|Win32
		{52FE02B5-952E-4383-B641-81120466E526}.Debug|x86.Build.0 = Debug|Win32
		{52FE02B5-952E-4383-B641-81120466E526}.Release|x64.ActiveCfg = Release|x64
		{52FE02B5-952E-4383-B641-81120466E526}.Release|x64.Build.0 = Release|x64
		{52FE02B5-952E-4383-B641-81120466E526}.Release|x86.ActiveCfg = Release|Win32
		{52FE02B5-952E-4383-B641-81120466E526}.Release|x86.Build.0 = Release|Win32
	EndGlobalSection
	GlobalSection(SolutionProperties) = preSolution
		HideSolutionNode = FALSE
	EndGlobalSection
	GlobalSection(ExtensibilityGlobals) = postSolution
		SolutionGuid = {1978EAAA-4ABA-4252-ABDB-086FD5815CD8}
	EndGlobalSection
EndGlobal
